
Microsoft Visual Studio Solution File, Format Version 12.00
# Visual Studio Version 16
VisualStudioVersion = 16.0.30907.101
MinimumVisualStudioVersion = 10.0.40219.1
Project("{FAE04EC0-301F-11D3-BF4B-00C04F79EFBC}") = "Ivaila", "Ivaila.csproj", "{32BBB657-4148-4221-AAD8-3C6788EEB001}"
EndProject
Global
	GlobalSection(SolutionConfigurationPlatforms) = preSolution
		Debug|Any CPU = Debug|Any CPU
		Release|Any CPU = Release|Any CPU
	EndGlobalSection
	GlobalSection(ProjectConfigurationPlatforms) = postSolution
		{32BBB657-4148-4221-AAD8-3C6788EEB001}.Debug|Any CPU.ActiveCfg = Debug|Any CPU
		{32BBB657-4148-4221-AAD8-3C6788EEB001}.Debug|Any CPU.Build.0 = Debug|Any CPU
		{32BBB657-4148-4221-AAD8-3C6788EEB001}.Release|Any CPU.ActiveCfg = Release|Any CPU
		{32BBB657-4148-4221-AAD8-3C6788EEB001}.Release|Any CPU.Build.0 = Release|Any CPU
	EndGlobalSection
	GlobalSection(SolutionProperties) = preSolution
		HideSolutionNode = FALSE
	EndGlobalSection
	GlobalSection(ExtensibilityGlobals) = postSolution
		SolutionGuid = {6FDF41A8-7389-4728-AC44-5A5C2F9D9E6C}
	EndGlobalSection
EndGlobal
